
Microsoft Visual Studio Solution File, Format Version 12.00
# Visual Studio 15
VisualStudioVersion = 15.0.28307.1259
MinimumVisualStudioVersion = 10.0.40219.1
Project("{FAE04EC0-301F-11D3-BF4B-00C04F79EFBC}") = "DemoSingleton", "DemoSingleton\DemoSingleton.csproj", "{5F70F278-5030-470F-B53A-9A70E24FB33E}"
EndProject
Global
	GlobalSection(SolutionConfigurationPlatforms) = preSolution
		Debug|Any CPU = Debug|Any CPU
		Release|Any CPU = Release|Any CPU
	EndGlobalSection
	GlobalSection(ProjectConfigurationPlatforms) = postSolution
		{5F70F278-5030-470F-B53A-9A70E24FB33E}.Debug|Any CPU.ActiveCfg = Debug|Any CPU
		{5F70F278-5030-470F-B53A-9A70E24FB33E}.Debug|Any CPU.Build.0 = Debug|Any CPU
		{5F70F278-5030-470F-B53A-9A70E24FB33E}.Release|Any CPU.ActiveCfg = Release|Any CPU
		{5F70F278-5030-470F-B53A-9A70E24FB33E}.Release|Any CPU.Build.0 = Release|Any CPU
	EndGlobalSection
	GlobalSection(SolutionProperties) = preSolution
		HideSolutionNode = FALSE
	EndGlobalSection
	GlobalSection(ExtensibilityGlobals) = postSolution
		SolutionGuid = {632E2A31-335E-4FFB-8075-3E46BB1B0458}
	EndGlobalSection
EndGlobal
